
Microsoft Visual Studio Solution File, Format Version 12.00
# Visual Studio Version 16
VisualStudioVersion = 16.0.29424.173
MinimumVisualStudioVersion = 10.0.40219.1
Project("{FAE04EC0-301F-11D3-BF4B-00C04F79EFBC}") = "WPF_LoginScreen", "WPF_LoginScreen.csproj", "{E07AFC90-D0BB-42EB-B955-A99755B073E7}"
EndProject
Global
	GlobalSection(SolutionConfigurationPlatforms) = preSolution
		Debug|Any CPU = Debug|Any CPU
		Release|Any CPU = Release|Any CPU
	EndGlobalSection
	GlobalSection(ProjectConfigurationPlatforms) = postSolution
		{E07AFC90-D0BB-42EB-B955-A99755B073E7}.Debug|Any CPU.ActiveCfg = Debug|Any CPU
		{E07AFC90-D0BB-42EB-B955-A99755B073E7}.Debug|Any CPU.Build.0 = Debug|Any CPU
		{E07AFC90-D0BB-42EB-B955-A99755B073E7}.Release|Any CPU.ActiveCfg = Release|Any CPU
		{E07AFC90-D0BB-42EB-B955-A99755B073E7}.Release|Any CPU.Build.0 = Release|Any CPU
	EndGlobalSection
	GlobalSection(SolutionProperties) = preSolution
		HideSolutionNode = FALSE
	EndGlobalSection
	GlobalSection(ExtensibilityGlobals) = postSolution
		SolutionGuid = {3D9598D6-4D8C-4F9A-90FD-FA499D6932EB}
	EndGlobalSection
EndGlobal
